// !$*UTF8*$!
{
	archiveVersion = 1;
	classes = {
	};
	objectVersion = 46;
	objects = {

/* Begin PBXBuildFile section */
		9A5E01E91ACBE1A3009D7DA0 /* main.m in Sources */ = {isa = PBXBuildFile; fileRef = 9A5E01E81ACBE1A3009D7DA0 /* main.m */; };
		9A5E01EC1ACBE1A3009D7DA0 /* AppDelegate.m in Sources */ = {isa = PBXBuildFile; fileRef = 9A5E01EB1ACBE1A3009D7DA0 /* AppDelegate.m */; };
		9A5E01EF1ACBE1A3009D7DA0 /* ViewController.m in Sources */ = {isa = PBXBuildFile; fileRef = 9A5E01EE1ACBE1A3009D7DA0 /* ViewController.m */; };
		9A5E01F21ACBE1A3009D7DA0 /* Main.storyboard in Resources */ = {isa = PBXBuildFile; fileRef = 9A5E01F01ACBE1A3009D7DA0 /* Main.storyboard */; };
		9A5E01F41ACBE1A3009D7DA0 /* Images.xcassets in Resources */ = {isa = PBXBuildFile; fileRef = 9A5E01F31ACBE1A3009D7DA0 /* Images.xcassets */; };
		9A5E01F71ACBE1A3009D7DA0 /* LaunchScreen.xib in Resources */ = {isa = PBXBuildFile; fileRef = 9A5E01F51ACBE1A3009D7DA0 /* LaunchScreen.xib */; };
		9A5E02031ACBE1A3009D7DA0 /* SymptomPatientDempTests.m in Sources */ = {isa = PBXBuildFile; fileRef = 9A5E02021ACBE1A3009D7DA0 /* SymptomPatientDempTests.m */; };
/* End PBXBuildFile section */

/* Begin PBXContainerItemProxy section */
		9A5E01FD1ACBE1A3009D7DA0 /* PBXContainerItemProxy */ = {
			isa = PBXContainerItemProxy;
			containerPortal = 9A5E01DB1ACBE1A3009D7DA0 /* Project object */;
			proxyType = 1;
			remoteGlobalIDString = 9A5E01E21ACBE1A3009D7DA0;
			remoteInfo = SymptomPatientDemp;
		};
/* End PBXContainerItemProxy section */

/* Begin PBXFileReference section */
		9A5E01E31ACBE1A3009D7DA0 /* SymptomPatientDemp.app */ = {isa = PBXFileReference; explicitFileType = wrapper.application; includeInIndex = 0; path = SymptomPatientDemp.app; sourceTree = BUILT_PRODUCTS_DIR; };
		9A5E01E71ACBE1A3009D7DA0 /* Info.plist */ = {isa = PBXFileReference; lastKnownFileType = text.plist.xml; path = Info.plist; sourceTree = "<group>"; };
		9A5E01E81ACBE1A3009D7DA0 /* main.m */ = {isa = PBXFileReference; lastKnownFileType = sourcecode.c.objc; path = main.m; sourceTree = "<group>"; };
		9A5E01EA1ACBE1A3009D7DA0 /* AppDelegate.h */ = {isa = PBXFileReference; lastKnownFileType = sourcecode.c.h; path = AppDelegate.h; sourceTree = "<group>"; };
		9A5E01EB1ACBE1A3009D7DA0 /* AppDelegate.m */ = {isa = PBXFileReference; lastKnownFileType = sourcecode.c.objc; path = AppDelegate.m; sourceTree = "<group>"; };
		9A5E01ED1ACBE1A3009D7DA0 /* ViewController.h */ = {isa = PBXFileReference; lastKnownFileType = sourcecode.c.h; path = ViewController.h; sourceTree = "<group>"; };
		9A5E01EE1ACBE1A3009D7DA0 /* ViewController.m */ = {isa = PBXFileReference; lastKnownFileType = sourcecode.c.objc; path = ViewController.m; sourceTree = "<group>"; };
		9A5E01F11ACBE1A3009D7DA0 /* Base */ = {isa = PBXFileReference; lastKnownFileType = file.storyboard; name = Base; path = Base.lproj/Main.storyboard; sourceTree = "<group>"; };
		9A5E01F31ACBE1A3009D7DA0 /* Images.xcassets */ = {isa = PBXFileReference; lastKnownFileType = folder.assetcatalog; path = Images.xcassets; sourceTree = "<group>"; };
		9A5E01F61ACBE1A3009D7DA0 /* Base */ = {isa = PBXFileReference; lastKnownFileType = file.xib; name = Base; path = Base.lproj/LaunchScreen.xib; sourceTree = "<group>"; };
		9A5E01FC1ACBE1A3009D7DA0 /* SymptomPatientDempTests.xctest */ = {isa = PBXFileReference; explicitFileType = wrapper.cfbundle; includeInIndex = 0; path = SymptomPatientDempTests.xctest; sourceTree = BUILT_PRODUCTS_DIR; };
		9A5E02011ACBE1A3009D7DA0 /* Info.plist */ = {isa = PBXFileReference; lastKnownFileType = text.plist.xml; path = Info.plist; sourceTree = "<group>"; };
		9A5E02021ACBE1A3009D7DA0 /* SymptomPatientDempTests.m */ = {isa = PBXFileReference; lastKnownFileType = sourcecode.c.objc; path = SymptomPatientDempTests.m; sourceTree = "<group>"; };
/* End PBXFileReference section */

/* Begin PBXFrameworksBuildPhase section */
		9A5E01E01ACBE1A3009D7DA0 /* Frameworks */ = {
			isa = PBXFrameworksBuildPhase;
			buildActionMask = 2147483647;
			files = (
			);
			runOnlyForDeploymentPostprocessing = 0;
		};
		9A5E01F91ACBE1A3009D7DA0 /* Frameworks */ = {
			isa = PBXFrameworksBuildPhase;
			buildActionMask = 2147483647;
			files = (
			);
			runOnlyForDeploymentPostprocessing = 0;
		};
/* End PBXFrameworksBuildPhase section */

/* Begin PBXGroup section */
		9A5E01DA1ACBE1A3009D7DA0 = {
			isa = PBXGroup;
			children = (
				9A5E01E51ACBE1A3009D7DA0 /* SymptomPatientDemp */,
				9A5E01FF1ACBE1A3009D7DA0 /* SymptomPatientDempTests */,
				9A5E01E41ACBE1A3009D7DA0 /* Products */,
			);
			sourceTree = "<group>";
		};
		9A5E01E41ACBE1A3009D7DA0 /* Products */ = {
			isa = PBXGroup;
			children = (
				9A5E01E31ACBE1A3009D7DA0 /* SymptomPatientDemp.app */,
				9A5E01FC1ACBE1A3009D7DA0 /* SymptomPatientDempTests.xctest */,
			);
			name = Products;
			sourceTree = "<group>";
		};
		9A5E01E51ACBE1A3009D7DA0 /* SymptomPatientDemp */ = {
			isa = PBXGroup;
			children = (
				9A5E01EA1ACBE1A3009D7DA0 /* AppDelegate.h */,
				9A5E01EB1ACBE1A3009D7DA0 /* AppDelegate.m */,
				9A5E01ED1ACBE1A3009D7DA0 /* ViewController.h */,
				9A5E01EE1ACBE1A3009D7DA0 /* ViewController.m */,
				9A5E01F01ACBE1A3009D7DA0 /* Main.storyboard */,
				9A5E01F31ACBE1A3009D7DA0 /* Images.xcassets */,
				9A5E01F51ACBE1A3009D7DA0 /* LaunchScreen.xib */,
				9A5E01E61ACBE1A3009D7DA0 /* Supporting Files */,
			);
			path = SymptomPatientDemp;
			sourceTree = "<group>";
		};
		9A5E01E61ACBE1A3009D7DA0 /* Supporting Files */ = {
			isa = PBXGroup;
			children = (
				9A5E01E71ACBE1A3009D7DA0 /* Info.plist */,
				9A5E01E81ACBE1A3009D7DA0 /* main.m */,
			);
			name = "Supporting Files";
			sourceTree = "<group>";
		};
		9A5E01FF1ACBE1A3009D7DA0 /* SymptomPatientDempTests */ = {
			isa = PBXGroup;
			children = (
				9A5E02021ACBE1A3009D7DA0 /* SymptomPatientDempTests.m */,
				9A5E02001ACBE1A3009D7DA0 /* Supporting Files */,
			);
			path = SymptomPatientDempTests;
			sourceTree = "<group>";
		};
		9A5E02001ACBE1A3009D7DA0 /* Supporting Files */ = {
			isa = PBXGroup;
			children = (
				9A5E02011ACBE1A3009D7DA0 /* Info.plist */,
			);
			name = "Supporting Files";
			sourceTree = "<group>";
		};
/* End PBXGroup section */

/* Begin PBXNativeTarget section */
		9A5E01E21ACBE1A3009D7DA0 /* SymptomPatientDemp */ = {
			isa = PBXNativeTarget;
			buildConfigurationList = 9A5E02061ACBE1A3009D7DA0 /* Build configuration list for PBXNativeTarget "SymptomPatientDemp" */;
			buildPhases = (
				9A5E01DF1ACBE1A3009D7DA0 /* Sources */,
				9A5E01E01ACBE1A3009D7DA0 /* Frameworks */,
				9A5E01E11ACBE1A3009D7DA0 /* Resources */,
			);
			buildRules = (
			);
			dependencies = (
			);
			name = SymptomPatientDemp;
			productName = SymptomPatientDemp;
			productReference = 9A5E01E31ACBE1A3009D7DA0 /* SymptomPatientDemp.app */;
			productType = "com.apple.product-type.application";
		};
		9A5E01FB1ACBE1A3009D7DA0 /* SymptomPatientDempTests */ = {
			isa = PBXNativeTarget;
			buildConfigurationList = 9A5E02091ACBE1A3009D7DA0 /* Build configuration list for PBXNativeTarget "SymptomPatientDempTests" */;
			buildPhases = (
				9A5E01F81ACBE1A3009D7DA0 /* Sources */,
				9A5E01F91ACBE1A3009D7DA0 /* Frameworks */,
				9A5E01FA1ACBE1A3009D7DA0 /* Resources */,
			);
			buildRules = (
			);
			dependencies = (
				9A5E01FE1ACBE1A3009D7DA0 /* PBXTargetDependency */,
			);
			name = SymptomPatientDempTests;
			productName = SymptomPatientDempTests;
			productReference = 9A5E01FC1ACBE1A3009D7DA0 /* SymptomPatientDempTests.xctest */;
			productType = "com.apple.product-type.bundle.unit-test";
		};
/* End PBXNativeTarget section */

/* Begin PBXProject section */
		9A5E01DB1ACBE1A3009D7DA0 /* Project object */ = {
			isa = PBXProject;
			attributes = {
				LastUpgradeCheck = 0620;
				ORGANIZATIONNAME = chenyilong;
				TargetAttributes = {
					9A5E01E21ACBE1A3009D7DA0 = {
						CreatedOnToolsVersion = 6.2;
					};
					9A5E01FB1ACBE1A3009D7DA0 = {
						CreatedOnToolsVersion = 6.2;
						TestTargetID = 9A5E01E21ACBE1A3009D7DA0;
					};
				};
			};
			buildConfigurationList = 9A5E01DE1ACBE1A3009D7DA0 /* Build configuration list for PBXProject "SymptomPatientDemp" */;
			compatibilityVersion = "Xcode 3.2";
			developmentRegion = English;
			hasScannedForEncodings = 0;
			knownRegions = (
				en,
				Base,
			);
			mainGroup = 9A5E01DA1ACBE1A3009D7DA0;
			productRefGroup = 9A5E01E41ACBE1A3009D7DA0 /* Products */;
			projectDirPath = "";
			projectRoot = "";
			targets = (
				9A5E01E21ACBE1A3009D7DA0 /* SymptomPatientDemp */,
				9A5E01FB1ACBE1A3009D7DA0 /* SymptomPatientDempTests */,
			);
		};
/* End PBXProject section */

/* Begin PBXResourcesBuildPhase section */
		9A5E01E11ACBE1A3009D7DA0 /* Resources */ = {
			isa = PBXResourcesBuildPhase;
			buildActionMask = 2147483647;
			files = (
				9A5E01F21ACBE1A3009D7DA0 /* Main.storyboard in Resources */,
				9A5E01F71ACBE1A3009D7DA0 /* LaunchScreen.xib in Resources */,
				9A5E01F41ACBE1A3009D7DA0 /* Images.xcassets in Resources */,
			);
			runOnlyForDeploymentPostprocessing = 0;
		};
		9A5E01FA1ACBE1A3009D7DA0 /* Resources */ = {
			isa = PBXResourcesBuildPhase;
			buildActionMask = 2147483647;
			files = (
			);
			runOnlyForDeploymentPostprocessing = 0;
		};
/* End PBXResourcesBuildPhase section */

/* Begin PBXSourcesBuildPhase section */
		9A5E01DF1ACBE1A3009D7DA0 /* Sources */ = {
			isa = PBXSourcesBuildPhase;
			buildActionMask = 2147483647;
			files = (
				9A5E01EF1ACBE1A3009D7DA0 /* ViewController.m in Sources */,
				9A5E01EC1ACBE1A3009D7DA0 /* AppDelegate.m in Sources */,
				9A5E01E91ACBE1A3009D7DA0 /* main.m in Sources */,
			);
			runOnlyForDeploymentPostprocessing = 0;
		};
		9A5E01F81ACBE1A3009D7DA0 /* Sources */ = {
			isa = PBXSourcesBuildPhase;
			buildActionMask = 2147483647;
			files = (
				9A5E02031ACBE1A3009D7DA0 /* SymptomPatientDempTests.m in Sources */,
			);
			runOnlyForDeploymentPostprocessing = 0;
		};
/* End PBXSourcesBuildPhase section */

/* Begin PBXTargetDependency section */
		9A5E01FE1ACBE1A3009D7DA0 /* PBXTargetDependency */ = {
			isa = PBXTargetDependency;
			target = 9A5E01E21ACBE1A3009D7DA0 /* SymptomPatientDemp */;
			targetProxy = 9A5E01FD1ACBE1A3009D7DA0 /* PBXContainerItemProxy */;
		};
/* End PBXTargetDependency section */

/* Begin PBXVariantGroup section */
		9A5E01F01ACBE1A3009D7DA0 /* Main.storyboard */ = {
			isa = PBXVariantGroup;
			children = (
				9A5E01F11ACBE1A3009D7DA0 /* Base */,
			);
			name = Main.storyboard;
			sourceTree = "<group>";
		};
		9A5E01F51ACBE1A3009D7DA0 /* LaunchScreen.xib */ = {
			isa = PBXVariantGroup;
			children = (
				9A5E01F61ACBE1A3009D7DA0 /* Base */,
			);
			name = LaunchScreen.xib;
			sourceTree = "<group>";
		};
/* End PBXVariantGroup section */

/* Begin XCBuildConfiguration section */
		9A5E02041ACBE1A3009D7DA0 /* Debug */ = {
			isa = XCBuildConfiguration;
			buildSettings = {
				ALWAYS_SEARCH_USER_PATHS = NO;
				CLANG_CXX_LANGUAGE_STANDARD = "gnu++0x";
				CLANG_CXX_LIBRARY = "libc++";
				CLANG_ENABLE_MODULES = YES;
				CLANG_ENABLE_OBJC_ARC = YES;
				CLANG_WARN_BOOL_CONVERSION = YES;
				CLANG_WARN_CONSTANT_CONVERSION = YES;
				CLANG_WARN_DIRECT_OBJC_ISA_USAGE = YES_ERROR;
				CLANG_WARN_EMPTY_BODY = YES;
				CLANG_WARN_ENUM_CONVERSION = YES;
				CLANG_WARN_INT_CONVERSION = YES;
				CLANG_WARN_OBJC_ROOT_CLASS = YES_ERROR;
				CLANG_WARN_UNREACHABLE_CODE = YES;
				CLANG_WARN__DUPLICATE_METHOD_MATCH = YES;
				"CODE_SIGN_IDENTITY[sdk=iphoneos*]" = "iPhone Developer";
				COPY_PHASE_STRIP = NO;
				ENABLE_STRICT_OBJC_MSGSEND = YES;
				GCC_C_LANGUAGE_STANDARD = gnu99;
				GCC_DYNAMIC_NO_PIC = NO;
				GCC_OPTIMIZATION_LEVEL = 0;
				GCC_PREPROCESSOR_DEFINITIONS = (
					"DEBUG=1",
					"$(inherited)",
				);
				GCC_SYMBOLS_PRIVATE_EXTERN = NO;
				GCC_WARN_64_TO_32_BIT_CONVERSION = YES;
				GCC_WARN_ABOUT_RETURN_TYPE = YES_ERROR;
				GCC_WARN_UNDECLARED_SELECTOR = YES;
				GCC_WARN_UNINITIALIZED_AUTOS = YES_AGGRESSIVE;
				GCC_WARN_UNUSED_FUNCTION = YES;
				GCC_WARN_UNUSED_VARIABLE = YES;
				IPHONEOS_DEPLOYMENT_TARGET = 8.2;
				MTL_ENABLE_DEBUG_INFO = YES;
				ONLY_ACTIVE_ARCH = YES;
				SDKROOT = iphoneos;
			};
			name = Debug;
		};
		9A5E02051ACBE1A3009D7DA0 /* Release */ = {
			isa = XCBuildConfiguration;
			buildSettings = {
				ALWAYS_SEARCH_USER_PATHS = NO;
				CLANG_CXX_LANGUAGE_STANDARD = "gnu++0x";
				CLANG_CXX_LIBRARY = "libc++";
				CLANG_ENABLE_MODULES = YES;
				CLANG_ENABLE_OBJC_ARC = YES;
				CLANG_WARN_BOOL_CONVERSION = YES;
				CLANG_WARN_CONSTANT_CONVERSION = YES;
				CLANG_WARN_DIRECT_OBJC_ISA_USAGE = YES_ERROR;
				CLANG_WARN_EMPTY_BODY = YES;
				CLANG_WARN_ENUM_CONVERSION = YES;
				CLANG_WARN_INT_CONVERSION = YES;
				CLANG_WARN_OBJC_ROOT_CLASS = YES_ERROR;
				CLANG_WARN_UNREACHABLE_CODE = YES;
				CLANG_WARN__DUPLICATE_METHOD_MATCH = YES;
				"CODE_SIGN_IDENTITY[sdk=iphoneos*]" = "iPhone Developer";
				COPY_PHASE_STRIP = NO;
				ENABLE_NS_ASSERTIONS = NO;
				ENABLE_STRICT_OBJC_MSGSEND = YES;
				GCC_C_LANGUAGE_STANDARD = gnu99;
				GCC_WARN_64_TO_32_BIT_CONVERSION = YES;
				GCC_WARN_ABOUT_RETURN_TYPE = YES_ERROR;
				GCC_WARN_UNDECLARED_SELECTOR = YES;
				GCC_WARN_UNINITIALIZED_AUTOS = YES_AGGRESSIVE;
				GCC_WARN_UNUSED_FUNCTION = YES;
				GCC_WARN_UNUSED_VARIABLE = YES;
				IPHONEOS_DEPLOYMENT_TARGET = 8.2;
				MTL_ENABLE_DEBUG_INFO = NO;
				SDKROOT = iphoneos;
				VALIDATE_PRODUCT = YES;
			};
			name = Release;
		};
		9A5E02071ACBE1A3009D7DA0 /* Debug */ = {
			isa = XCBuildConfiguration;
			buildSettings = {
				ASSETCATALOG_COMPILER_APPICON_NAME = AppIcon;
				INFOPLIST_FILE = SymptomPatientDemp/Info.plist;
				LD_RUNPATH_SEARCH_PATHS = "$(inherited) @executable_path/Frameworks";
				PRODUCT_NAME = "$(TARGET_NAME)";
			};
			name = Debug;
		};
		9A5E02081ACBE1A3009D7DA0 /* Release */ = {
			isa = XCBuildConfiguration;
			buildSettings = {
				ASSETCATALOG_COMPILER_APPICON_NAME = AppIcon;
				INFOPLIST_FILE = SymptomPatientDemp/Info.plist;
				LD_RUNPATH_SEARCH_PATHS = "$(inherited) @executable_path/Frameworks";
				PRODUCT_NAME = "$(TARGET_NAME)";
			};
			name = Release;
		};
		9A5E020A1ACBE1A3009D7DA0 /* Debug */ = {
			isa = XCBuildConfiguration;
			buildSettings = {
				BUNDLE_LOADER = "$(TEST_HOST)";
				FRAMEWORK_SEARCH_PATHS = (
					"$(SDKROOT)/Developer/Library/Frameworks",
					"$(inherited)",
				);
				GCC_PREPROCESSOR_DEFINITIONS = (
					"DEBUG=1",
					"$(inherited)",
				);
				INFOPLIST_FILE = SymptomPatientDempTests/Info.plist;
				LD_RUNPATH_SEARCH_PATHS = "$(inherited) @executable_path/Frameworks @loader_path/Frameworks";
				PRODUCT_NAME = "$(TARGET_NAME)";
				TEST_HOST = "$(BUILT_PRODUCTS_DIR)/SymptomPatientDemp.app/SymptomPatientDemp";
			};
			name = Debug;
		};
		9A5E020B1ACBE1A3009D7DA0 /* Release */ = {
			isa = XCBuildConfiguration;
			buildSettings = {
				BUNDLE_LOADER = "$(TEST_HOST)";
				FRAMEWORK_SEARCH_PATHS = (
					"$(SDKROOT)/Developer/Library/Frameworks",
					"$(inherited)",
				);
				INFOPLIST_FILE = SymptomPatientDempTests/Info.plist;
				LD_RUNPATH_SEARCH_PATHS = "$(inherited) @executable_path/Frameworks @loader_path/Frameworks";
				PRODUCT_NAME = "$(TARGET_NAME)";
				TEST_HOST = "$(BUILT_PRODUCTS_DIR)/SymptomPatientDemp.app/SymptomPatientDemp";
			};
			name = Release;
		};
/* End XCBuildConfiguration section */

/* Begin XCConfigurationList section */
		9A5E01DE1ACBE1A3009D7DA0 /* Build configuration list for PBXProject "SymptomPatientDemp" */ = {
			isa = XCConfigurationList;
			buildConfigurations = (
				9A5E02041ACBE1A3009D7DA0 /* Debug */,
				9A5E02051ACBE1A3009D7DA0 /* Release */,
			);
			defaultConfigurationIsVisible = 0;
			defaultConfigurationName = Release;
		};
		9A5E02061ACBE1A3009D7DA0 /* Build configuration list for PBXNativeTarget "SymptomPatientDemp" */ = {
			isa = XCConfigurationList;
			buildConfigurations = (
				9A5E02071ACBE1A3009D7DA0 /* Debug */,
				9A5E02081ACBE1A3009D7DA0 /* Release */,
			);
			defaultConfigurationIsVisible = 0;
		};
		9A5E02091ACBE1A3009D7DA0 /* Build configuration list for PBXNativeTarget "SymptomPatientDempTests" */ = {
			isa = XCConfigurationList;
			buildConfigurations = (
				9A5E020A1ACBE1A3009D7DA0 /* Debug */,
				9A5E020B1ACBE1A3009D7DA0 /* Release */,
			);
			defaultConfigurationIsVisible = 0;
		};
/* End XCConfigurationList section */
	};
	rootObject = 9A5E01DB1ACBE1A3009D7DA0 /* Project object */;
}
